
Microsoft Visual Studio Solution File, Format Version 10.00
# Visual Studio 2008
Project("{FAE04EC0-301F-11D3-BF4B-00C04F79EFBC}") = "NHibernate.Tool.hbm2net-2.0", "NHibernate.Tool.hbm2net\NHibernate.Tool.hbm2net-2.0.csproj", "{136FFE16-EE3B-4556-90FB-E265113CB13F}"
EndProject
Project("{FAE04EC0-301F-11D3-BF4B-00C04F79EFBC}") = "NHibernate.Tool.hbm2net.Console-2.0", "NHibernate.Tool.hbm2net.Console\NHibernate.Tool.hbm2net.Console-2.0.csproj", "{E7D3A1AB-23A6-4924-8D36-DE18DBAD2D54}"
EndProject
Project("{FAE04EC0-301F-11D3-BF4B-00C04F79EFBC}") = "NHibernate.Tool.hbm2net.Tests-2.0", "NHibernate.Tool.hbm2net.Tests\NHibernate.Tool.hbm2net.Tests-2.0.csproj", "{F2FBD35E-28C4-461F-804D-0E43BED01185}"
EndProject
Project("{FAE04EC0-301F-11D3-BF4B-00C04F79EFBC}") = "NHibernate.Tool.hbm2net.T4", "NHibernate.Tool.hbm2net.T4\NHibernate.Tool.hbm2net.T4.csproj", "{CD0674CD-4E3C-43EB-AE8C-AF65E531667C}"
EndProject
Project("{FAE04EC0-301F-11D3-BF4B-00C04F79EFBC}") = "NHibernate.Tool.Dsl", "NHibernate.Tool.Dsl\NHibernate.Tool.Dsl.csproj", "{7CFE8FEC-9FAC-45C5-97CF-DBAB62662276}"
EndProject
Project("{FAE04EC0-301F-11D3-BF4B-00C04F79EFBC}") = "NHibernate.Tool.DslPackage", "NHibernate.Tool.DslPackage\NHibernate.Tool.DslPackage.csproj", "{61A63FCA-C3A9-4283-930C-E40C3B3CB24B}"
EndProject
Global
	GlobalSection(SolutionConfigurationPlatforms) = preSolution
		Debug|Any CPU = Debug|Any CPU
		Release|Any CPU = Release|Any CPU
	EndGlobalSection
	GlobalSection(ProjectConfigurationPlatforms) = postSolution
		{136FFE16-EE3B-4556-90FB-E265113CB13F}.Debug|Any CPU.ActiveCfg = Debug|Any CPU
		{136FFE16-EE3B-4556-90FB-E265113CB13F}.Debug|Any CPU.Build.0 = Debug|Any CPU
		{136FFE16-EE3B-4556-90FB-E265113CB13F}.Release|Any CPU.ActiveCfg = Release|Any CPU
		{136FFE16-EE3B-4556-90FB-E265113CB13F}.Release|Any CPU.Build.0 = Release|Any CPU
		{E7D3A1AB-23A6-4924-8D36-DE18DBAD2D54}.Debug|Any CPU.ActiveCfg = Debug|Any CPU
		{E7D3A1AB-23A6-4924-8D36-DE18DBAD2D54}.Debug|Any CPU.Build.0 = Debug|Any CPU
		{E7D3A1AB-23A6-4924-8D36-DE18DBAD2D54}.Release|Any CPU.ActiveCfg = Release|Any CPU
		{E7D3A1AB-23A6-4924-8D36-DE18DBAD2D54}.Release|Any CPU.Build.0 = Release|Any CPU
		{F2FBD35E-28C4-461F-804D-0E43BED01185}.Debug|Any CPU.ActiveCfg = Debug|Any CPU
		{F2FBD35E-28C4-461F-804D-0E43BED01185}.Debug|Any CPU.Build.0 = Debug|Any CPU
		{F2FBD35E-28C4-461F-804D-0E43BED01185}.Release|Any CPU.ActiveCfg = Release|Any CPU
		{F2FBD35E-28C4-461F-804D-0E43BED01185}.Release|Any CPU.Build.0 = Release|Any CPU
		{CD0674CD-4E3C-43EB-AE8C-AF65E531667C}.Debug|Any CPU.ActiveCfg = Debug|Any CPU
		{CD0674CD-4E3C-43EB-AE8C-AF65E531667C}.Debug|Any CPU.Build.0 = Debug|Any CPU
		{CD0674CD-4E3C-43EB-AE8C-AF65E531667C}.Release|Any CPU.ActiveCfg = Release|Any CPU
		{CD0674CD-4E3C-43EB-AE8C-AF65E531667C}.Release|Any CPU.Build.0 = Release|Any CPU
		{7CFE8FEC-9FAC-45C5-97CF-DBAB62662276}.Debug|Any CPU.ActiveCfg = Debug|Any CPU
		{7CFE8FEC-9FAC-45C5-97CF-DBAB62662276}.Debug|Any CPU.Build.0 = Debug|Any CPU
		{7CFE8FEC-9FAC-45C5-97CF-DBAB62662276}.Release|Any CPU.ActiveCfg = Release|Any CPU
		{7CFE8FEC-9FAC-45C5-97CF-DBAB62662276}.Release|Any CPU.Build.0 = Release|Any CPU
		{61A63FCA-C3A9-4283-930C-E40C3B3CB24B}.Debug|Any CPU.ActiveCfg = Debug|Any CPU
		{61A63FCA-C3A9-4283-930C-E40C3B3CB24B}.Debug|Any CPU.Build.0 = Debug|Any CPU
		{61A63FCA-C3A9-4283-930C-E40C3B3CB24B}.Release|Any CPU.ActiveCfg = Release|Any CPU
		{61A63FCA-C3A9-4283-930C-E40C3B3CB24B}.Release|Any CPU.Build.0 = Release|Any CPU
	EndGlobalSection
	GlobalSection(SolutionProperties) = preSolution
		HideSolutionNode = FALSE
	EndGlobalSection
EndGlobal
