
Microsoft Visual Studio Solution File, Format Version 11.00
# Visual Studio 2010
Project("{FAE04EC0-301F-11D3-BF4B-00C04F79EFBC}") = "NHibernate.Tool.hbm2net-2.0", "NHibernate.Tool.hbm2net\NHibernate.Tool.hbm2net-2.0.csproj", "{136FFE16-EE3B-4556-90FB-E265113CB13F}"
EndProject
Project("{FAE04EC0-301F-11D3-BF4B-00C04F79EFBC}") = "NHibernate.Tool.hbm2net.Console-2.0", "NHibernate.Tool.hbm2net.Console\NHibernate.Tool.hbm2net.Console-2.0.csproj", "{E7D3A1AB-23A6-4924-8D36-DE18DBAD2D54}"
EndProject
Project("{FAE04EC0-301F-11D3-BF4B-00C04F79EFBC}") = "NHibernate.Tool.hbm2net.Tests-2.0", "NHibernate.Tool.hbm2net.Tests\NHibernate.Tool.hbm2net.Tests-2.0.csproj", "{F2FBD35E-28C4-461F-804D-0E43BED01185}"
EndProject
Project("{FAE04EC0-301F-11D3-BF4B-00C04F79EFBC}") = "NHibernate.Tool.Db2hbm", "NHibernate.Tool.Db2hbm\NHibernate.Tool.Db2hbm.csproj", "{66CA9291-80EA-428D-945A-8A9AEDB739D2}"
EndProject
Project("{FAE04EC0-301F-11D3-BF4B-00C04F79EFBC}") = "NHibernate.Tool.Db2hbm.Console", "NHibernate.Tool.Db2hbm.Console\NHibernate.Tool.Db2hbm.Console.csproj", "{84000770-C46D-44CD-9D4E-32B50E4A0EEF}"
EndProject
Project("{FAE04EC0-301F-11D3-BF4B-00C04F79EFBC}") = "Hbm2NetAddIn", "Hbm2NetAddIn\Hbm2NetAddIn.csproj", "{A2BB7B12-8D01-45AA-A256-62A4E5F58EB3}"
EndProject
Global
	GlobalSection(SolutionConfigurationPlatforms) = preSolution
		Debug|Any CPU = Debug|Any CPU
		Debug|x86 = Debug|x86
		Release|Any CPU = Release|Any CPU
		Release|x86 = Release|x86
	EndGlobalSection
	GlobalSection(ProjectConfigurationPlatforms) = postSolution
		{136FFE16-EE3B-4556-90FB-E265113CB13F}.Debug|Any CPU.ActiveCfg = Debug|Any CPU
		{136FFE16-EE3B-4556-90FB-E265113CB13F}.Debug|Any CPU.Build.0 = Debug|Any CPU
		{136FFE16-EE3B-4556-90FB-E265113CB13F}.Debug|x86.ActiveCfg = Debug|x86
		{136FFE16-EE3B-4556-90FB-E265113CB13F}.Debug|x86.Build.0 = Debug|x86
		{136FFE16-EE3B-4556-90FB-E265113CB13F}.Release|Any CPU.ActiveCfg = Release|Any CPU
		{136FFE16-EE3B-4556-90FB-E265113CB13F}.Release|Any CPU.Build.0 = Release|Any CPU
		{136FFE16-EE3B-4556-90FB-E265113CB13F}.Release|x86.ActiveCfg = Release|x86
		{136FFE16-EE3B-4556-90FB-E265113CB13F}.Release|x86.Build.0 = Release|x86
		{E7D3A1AB-23A6-4924-8D36-DE18DBAD2D54}.Debug|Any CPU.ActiveCfg = Debug|Any CPU
		{E7D3A1AB-23A6-4924-8D36-DE18DBAD2D54}.Debug|Any CPU.Build.0 = Debug|Any CPU
		{E7D3A1AB-23A6-4924-8D36-DE18DBAD2D54}.Debug|x86.ActiveCfg = Debug|x86
		{E7D3A1AB-23A6-4924-8D36-DE18DBAD2D54}.Debug|x86.Build.0 = Debug|x86
		{E7D3A1AB-23A6-4924-8D36-DE18DBAD2D54}.Release|Any CPU.ActiveCfg = Release|Any CPU
		{E7D3A1AB-23A6-4924-8D36-DE18DBAD2D54}.Release|Any CPU.Build.0 = Release|Any CPU
		{E7D3A1AB-23A6-4924-8D36-DE18DBAD2D54}.Release|x86.ActiveCfg = Release|x86
		{E7D3A1AB-23A6-4924-8D36-DE18DBAD2D54}.Release|x86.Build.0 = Release|x86
		{F2FBD35E-28C4-461F-804D-0E43BED01185}.Debug|Any CPU.ActiveCfg = Debug|Any CPU
		{F2FBD35E-28C4-461F-804D-0E43BED01185}.Debug|Any CPU.Build.0 = Debug|Any CPU
		{F2FBD35E-28C4-461F-804D-0E43BED01185}.Debug|x86.ActiveCfg = Debug|x86
		{F2FBD35E-28C4-461F-804D-0E43BED01185}.Debug|x86.Build.0 = Debug|x86
		{F2FBD35E-28C4-461F-804D-0E43BED01185}.Release|Any CPU.ActiveCfg = Release|Any CPU
		{F2FBD35E-28C4-461F-804D-0E43BED01185}.Release|Any CPU.Build.0 = Release|Any CPU
		{F2FBD35E-28C4-461F-804D-0E43BED01185}.Release|x86.ActiveCfg = Release|x86
		{F2FBD35E-28C4-461F-804D-0E43BED01185}.Release|x86.Build.0 = Release|x86
		{66CA9291-80EA-428D-945A-8A9AEDB739D2}.Debug|Any CPU.ActiveCfg = Debug|Any CPU
		{66CA9291-80EA-428D-945A-8A9AEDB739D2}.Debug|Any CPU.Build.0 = Debug|Any CPU
		{66CA9291-80EA-428D-945A-8A9AEDB739D2}.Debug|x86.ActiveCfg = Debug|x86
		{66CA9291-80EA-428D-945A-8A9AEDB739D2}.Debug|x86.Build.0 = Debug|x86
		{66CA9291-80EA-428D-945A-8A9AEDB739D2}.Release|Any CPU.ActiveCfg = Release|Any CPU
		{66CA9291-80EA-428D-945A-8A9AEDB739D2}.Release|Any CPU.Build.0 = Release|Any CPU
		{66CA9291-80EA-428D-945A-8A9AEDB739D2}.Release|x86.ActiveCfg = Release|x86
		{66CA9291-80EA-428D-945A-8A9AEDB739D2}.Release|x86.Build.0 = Release|x86
		{84000770-C46D-44CD-9D4E-32B50E4A0EEF}.Debug|Any CPU.ActiveCfg = Debug|Any CPU
		{84000770-C46D-44CD-9D4E-32B50E4A0EEF}.Debug|Any CPU.Build.0 = Debug|Any CPU
		{84000770-C46D-44CD-9D4E-32B50E4A0EEF}.Debug|x86.ActiveCfg = Debug|x86
		{84000770-C46D-44CD-9D4E-32B50E4A0EEF}.Debug|x86.Build.0 = Debug|x86
		{84000770-C46D-44CD-9D4E-32B50E4A0EEF}.Release|Any CPU.ActiveCfg = Release|Any CPU
		{84000770-C46D-44CD-9D4E-32B50E4A0EEF}.Release|Any CPU.Build.0 = Release|Any CPU
		{84000770-C46D-44CD-9D4E-32B50E4A0EEF}.Release|x86.ActiveCfg = Release|x86
		{84000770-C46D-44CD-9D4E-32B50E4A0EEF}.Release|x86.Build.0 = Release|x86
		{A2BB7B12-8D01-45AA-A256-62A4E5F58EB3}.Debug|Any CPU.ActiveCfg = Debug|Any CPU
		{A2BB7B12-8D01-45AA-A256-62A4E5F58EB3}.Debug|Any CPU.Build.0 = Debug|Any CPU
		{A2BB7B12-8D01-45AA-A256-62A4E5F58EB3}.Debug|x86.ActiveCfg = Debug|x86
		{A2BB7B12-8D01-45AA-A256-62A4E5F58EB3}.Debug|x86.Build.0 = Debug|x86
		{A2BB7B12-8D01-45AA-A256-62A4E5F58EB3}.Release|Any CPU.ActiveCfg = Release|Any CPU
		{A2BB7B12-8D01-45AA-A256-62A4E5F58EB3}.Release|Any CPU.Build.0 = Release|Any CPU
		{A2BB7B12-8D01-45AA-A256-62A4E5F58EB3}.Release|x86.ActiveCfg = Release|x86
		{A2BB7B12-8D01-45AA-A256-62A4E5F58EB3}.Release|x86.Build.0 = Release|x86
	EndGlobalSection
	GlobalSection(SolutionProperties) = preSolution
		HideSolutionNode = FALSE
	EndGlobalSection
EndGlobal
