
Microsoft Visual Studio Solution File, Format Version 9.00
# Visual Studio 2005
Project("{FAE04EC0-301F-11D3-BF4B-00C04F79EFBC}") = "NHibernate.Caches.SharedCache-2.0", "NHibernate.Caches.SharedCache\NHibernate.Caches.SharedCache-2.0.csproj", "{4C056340-F376-43EF-B911-FFBF466C0B3C}"
EndProject
Project("{FAE04EC0-301F-11D3-BF4B-00C04F79EFBC}") = "NHibernate.Caches.SharedCache.Tests-2.0", "NHibernate.Caches.SharedCache.Tests\NHibernate.Caches.SharedCache.Tests-2.0.csproj", "{3B5F2FA5-16B0-4044-9A14-D9962225457C}"
EndProject
Global
	GlobalSection(SolutionConfigurationPlatforms) = preSolution
		Debug|Any CPU = Debug|Any CPU
		Release|Any CPU = Release|Any CPU
	EndGlobalSection
	GlobalSection(ProjectConfigurationPlatforms) = postSolution
		{4C056340-F376-43EF-B911-FFBF466C0B3C}.Debug|Any CPU.ActiveCfg = Debug|Any CPU
		{4C056340-F376-43EF-B911-FFBF466C0B3C}.Debug|Any CPU.Build.0 = Debug|Any CPU
		{4C056340-F376-43EF-B911-FFBF466C0B3C}.Release|Any CPU.ActiveCfg = Release|Any CPU
		{4C056340-F376-43EF-B911-FFBF466C0B3C}.Release|Any CPU.Build.0 = Release|Any CPU
		{3B5F2FA5-16B0-4044-9A14-D9962225457C}.Debug|Any CPU.ActiveCfg = Debug|Any CPU
		{3B5F2FA5-16B0-4044-9A14-D9962225457C}.Debug|Any CPU.Build.0 = Debug|Any CPU
		{3B5F2FA5-16B0-4044-9A14-D9962225457C}.Release|Any CPU.ActiveCfg = Release|Any CPU
		{3B5F2FA5-16B0-4044-9A14-D9962225457C}.Release|Any CPU.Build.0 = Release|Any CPU
	EndGlobalSection
	GlobalSection(SolutionProperties) = preSolution
		HideSolutionNode = FALSE
	EndGlobalSection
EndGlobal
