
Microsoft Visual Studio Solution File, Format Version 9.00
# Visual Studio 2005
Project("{FAE04EC0-301F-11D3-BF4B-00C04F79EFBC}") = "NHibernate.Caches.Prevalence-2.0", "NHibernate.Caches.Prevalence\NHibernate.Caches.Prevalence-2.0.csproj", "{51179C23-5555-45A4-9BBB-8F6E24D05C2B}"
	ProjectSection(WebsiteProperties) = preProject
		Debug.AspNetCompiler.Debug = "True"
		Release.AspNetCompiler.Debug = "False"
	EndProjectSection
EndProject
Project("{FAE04EC0-301F-11D3-BF4B-00C04F79EFBC}") = "NHibernate.Caches.Prevalence.Tests-2.0", "NHibernate.Caches.Prevalence.Tests\NHibernate.Caches.Prevalence.Tests-2.0.csproj", "{C04709C0-2FF9-424A-82FF-235312877853}"
	ProjectSection(WebsiteProperties) = preProject
		Debug.AspNetCompiler.Debug = "True"
		Release.AspNetCompiler.Debug = "False"
	EndProjectSection
EndProject
Global
	GlobalSection(SolutionConfigurationPlatforms) = preSolution
		Debug|Any CPU = Debug|Any CPU
		Release|Any CPU = Release|Any CPU
	EndGlobalSection
	GlobalSection(ProjectConfigurationPlatforms) = postSolution
		{51179C23-5555-45A4-9BBB-8F6E24D05C2B}.Debug|Any CPU.ActiveCfg = Debug|Any CPU
		{51179C23-5555-45A4-9BBB-8F6E24D05C2B}.Debug|Any CPU.Build.0 = Debug|Any CPU
		{51179C23-5555-45A4-9BBB-8F6E24D05C2B}.Release|Any CPU.ActiveCfg = Release|Any CPU
		{51179C23-5555-45A4-9BBB-8F6E24D05C2B}.Release|Any CPU.Build.0 = Release|Any CPU
		{C04709C0-2FF9-424A-82FF-235312877853}.Debug|Any CPU.ActiveCfg = Debug|Any CPU
		{C04709C0-2FF9-424A-82FF-235312877853}.Debug|Any CPU.Build.0 = Debug|Any CPU
		{C04709C0-2FF9-424A-82FF-235312877853}.Release|Any CPU.ActiveCfg = Release|Any CPU
		{C04709C0-2FF9-424A-82FF-235312877853}.Release|Any CPU.Build.0 = Release|Any CPU
	EndGlobalSection
	GlobalSection(SolutionProperties) = preSolution
		HideSolutionNode = FALSE
	EndGlobalSection
EndGlobal
