
Microsoft Visual Studio Solution File, Format Version 10.00
# Visual Studio 2008
Project("{FAE04EC0-301F-11D3-BF4B-00C04F79EFBC}") = "NHibernate.Annotations", "NHibernate.Annotations\NHibernate.Annotations.csproj", "{54B37A8C-DBFA-409A-82DA-401BE3DFDBBD}"
EndProject
Project("{FAE04EC0-301F-11D3-BF4B-00C04F79EFBC}") = "System.Persistence", "System.Persistence\System.Persistence.csproj", "{1594B4BA-3EDC-4DF6-8BB0-608144FFACFA}"
EndProject
Project("{FAE04EC0-301F-11D3-BF4B-00C04F79EFBC}") = "NHibernate.Annotations.Test", "NHibernate.Annotations.Test\NHibernate.Annotations.Test.csproj", "{77145C44-B9D2-4C8D-9268-022D9CBC4E90}"
EndProject
Global
	GlobalSection(SolutionConfigurationPlatforms) = preSolution
		Debug|Any CPU = Debug|Any CPU
		Release|Any CPU = Release|Any CPU
	EndGlobalSection
	GlobalSection(ProjectConfigurationPlatforms) = postSolution
		{54B37A8C-DBFA-409A-82DA-401BE3DFDBBD}.Debug|Any CPU.ActiveCfg = Debug|Any CPU
		{54B37A8C-DBFA-409A-82DA-401BE3DFDBBD}.Debug|Any CPU.Build.0 = Debug|Any CPU
		{54B37A8C-DBFA-409A-82DA-401BE3DFDBBD}.Release|Any CPU.ActiveCfg = Release|Any CPU
		{54B37A8C-DBFA-409A-82DA-401BE3DFDBBD}.Release|Any CPU.Build.0 = Release|Any CPU
		{1594B4BA-3EDC-4DF6-8BB0-608144FFACFA}.Debug|Any CPU.ActiveCfg = Debug|Any CPU
		{1594B4BA-3EDC-4DF6-8BB0-608144FFACFA}.Debug|Any CPU.Build.0 = Debug|Any CPU
		{1594B4BA-3EDC-4DF6-8BB0-608144FFACFA}.Release|Any CPU.ActiveCfg = Release|Any CPU
		{1594B4BA-3EDC-4DF6-8BB0-608144FFACFA}.Release|Any CPU.Build.0 = Release|Any CPU
		{77145C44-B9D2-4C8D-9268-022D9CBC4E90}.Debug|Any CPU.ActiveCfg = Debug|Any CPU
		{77145C44-B9D2-4C8D-9268-022D9CBC4E90}.Debug|Any CPU.Build.0 = Debug|Any CPU
		{77145C44-B9D2-4C8D-9268-022D9CBC4E90}.Release|Any CPU.ActiveCfg = Release|Any CPU
		{77145C44-B9D2-4C8D-9268-022D9CBC4E90}.Release|Any CPU.Build.0 = Release|Any CPU
	EndGlobalSection
	GlobalSection(SolutionProperties) = preSolution
		HideSolutionNode = FALSE
	EndGlobalSection
EndGlobal
