
Microsoft Visual Studio Solution File, Format Version 10.00
# Visual Studio 2008
Project("{FAE04EC0-301F-11D3-BF4B-00C04F79EFBC}") = "Example.Domain", "Example.Domain\Example.Domain.csproj", "{58AFB802-970D-476C-854C-6480FFEB1011}"
EndProject
Project("{FAE04EC0-301F-11D3-BF4B-00C04F79EFBC}") = "Example.Web", "Example.Web\Example.Web.csproj", "{6259FDF2-E432-4890-BD47-DC510F8DE829}"
EndProject
Project("{FAE04EC0-301F-11D3-BF4B-00C04F79EFBC}") = "Example.Test", "Example.Test\Example.Test.csproj", "{344A6018-6F57-4746-9C43-E9E71937058E}"
EndProject
Global
	GlobalSection(SolutionConfigurationPlatforms) = preSolution
		Debug|Any CPU = Debug|Any CPU
		Release|Any CPU = Release|Any CPU
	EndGlobalSection
	GlobalSection(ProjectConfigurationPlatforms) = postSolution
		{58AFB802-970D-476C-854C-6480FFEB1011}.Debug|Any CPU.ActiveCfg = Debug|Any CPU
		{58AFB802-970D-476C-854C-6480FFEB1011}.Debug|Any CPU.Build.0 = Debug|Any CPU
		{58AFB802-970D-476C-854C-6480FFEB1011}.Release|Any CPU.ActiveCfg = Release|Any CPU
		{58AFB802-970D-476C-854C-6480FFEB1011}.Release|Any CPU.Build.0 = Release|Any CPU
		{6259FDF2-E432-4890-BD47-DC510F8DE829}.Debug|Any CPU.ActiveCfg = Debug|Any CPU
		{6259FDF2-E432-4890-BD47-DC510F8DE829}.Debug|Any CPU.Build.0 = Debug|Any CPU
		{6259FDF2-E432-4890-BD47-DC510F8DE829}.Release|Any CPU.ActiveCfg = Release|Any CPU
		{6259FDF2-E432-4890-BD47-DC510F8DE829}.Release|Any CPU.Build.0 = Release|Any CPU
		{344A6018-6F57-4746-9C43-E9E71937058E}.Debug|Any CPU.ActiveCfg = Debug|Any CPU
		{344A6018-6F57-4746-9C43-E9E71937058E}.Debug|Any CPU.Build.0 = Debug|Any CPU
		{344A6018-6F57-4746-9C43-E9E71937058E}.Release|Any CPU.ActiveCfg = Release|Any CPU
		{344A6018-6F57-4746-9C43-E9E71937058E}.Release|Any CPU.Build.0 = Release|Any CPU
	EndGlobalSection
	GlobalSection(SolutionProperties) = preSolution
		HideSolutionNode = FALSE
	EndGlobalSection
EndGlobal
