
Microsoft Visual Studio Solution File, Format Version 10.00
# Visual Studio 2008
Project("{FAE04EC0-301F-11D3-BF4B-00C04F79EFBC}") = "Debugging", "Debugging.csproj", "{b0b3c969-e25f-4db8-a375-871f7b1301c9}"
EndProject
Global
	GlobalSection(TextTemplating) = postSolution
		TextTemplating = 1
	EndGlobalSection
	GlobalSection(SolutionConfigurationPlatforms) = preSolution
		Debug|Any CPU = Debug|Any CPU
		Release|Any CPU = Release|Any CPU
	EndGlobalSection
	GlobalSection(ProjectConfigurationPlatforms) = postSolution
		{b0b3c969-e25f-4db8-a375-871f7b1301c9}.Debug|Any CPU.ActiveCfg = Debug|Any CPU
		{b0b3c969-e25f-4db8-a375-871f7b1301c9}.Debug|Any CPU.Build.0 = Debug|Any CPU
		{b0b3c969-e25f-4db8-a375-871f7b1301c9}.Release|Any CPU.ActiveCfg = Release|Any CPU
		{b0b3c969-e25f-4db8-a375-871f7b1301c9}.Release|Any CPU.Build.0 = Release|Any CPU
	EndGlobalSection
	GlobalSection(SolutionProperties) = preSolution
		HideSolutionNode = FALSE
	EndGlobalSection
EndGlobal
