
Microsoft Visual Studio Solution File, Format Version 9.00
# Visual Studio 2005
Project("{FAE04EC0-301F-11D3-BF4B-00C04F79EFBC}") = "NHibernate.Burrow", "NHibernate.Burrow\NHibernate.Burrow.csproj", "{3ED19982-3C23-4B7D-BE81-D40846A6CB16}"
	ProjectSection(WebsiteProperties) = preProject
		Debug.AspNetCompiler.Debug = "True"
		Release.AspNetCompiler.Debug = "False"
	EndProjectSection
EndProject
Project("{FAE04EC0-301F-11D3-BF4B-00C04F79EFBC}") = "NHibernate.Burrow.Test", "NHibernate.Burrow.Test\NHibernate.Burrow.Test.csproj", "{D2954D0B-C830-417B-A0D4-70AD81043B71}"
	ProjectSection(WebsiteProperties) = preProject
		Debug.AspNetCompiler.Debug = "True"
		Release.AspNetCompiler.Debug = "False"
	EndProjectSection
	ProjectSection(ProjectDependencies) = postProject
		{32112377-D3FC-4A1C-8C90-BBDFF166ED3B} = {32112377-D3FC-4A1C-8C90-BBDFF166ED3B}
	EndProjectSection
EndProject
Project("{FAE04EC0-301F-11D3-BF4B-00C04F79EFBC}") = "NHibernate.Burrow.WebUtil", "NHibernate.Burrow.WebUtil\NHibernate.Burrow.WebUtil.csproj", "{3DBB9568-5688-4442-8ECA-BD216E807C8D}"
	ProjectSection(WebsiteProperties) = preProject
		Debug.AspNetCompiler.Debug = "True"
		Release.AspNetCompiler.Debug = "False"
	EndProjectSection
EndProject
Project("{FAE04EC0-301F-11D3-BF4B-00C04F79EFBC}") = "NHibernate.Burrow.TestUtil", "NHibernate.Burrow.TestUtil\NHibernate.Burrow.TestUtil.csproj", "{32112377-D3FC-4A1C-8C90-BBDFF166ED3B}"
	ProjectSection(WebsiteProperties) = preProject
		Debug.AspNetCompiler.Debug = "True"
		Release.AspNetCompiler.Debug = "False"
	EndProjectSection
EndProject
Project("{FAE04EC0-301F-11D3-BF4B-00C04F79EFBC}") = "NHibernate.Burrow.AppBlock", "NHibernate.Burrow.AppBlock\NHibernate.Burrow.AppBlock.csproj", "{EBD9BE3A-D540-4705-B3C7-BA577D1691AE}"
	ProjectSection(WebsiteProperties) = preProject
		Debug.AspNetCompiler.Debug = "True"
		Release.AspNetCompiler.Debug = "False"
	EndProjectSection
EndProject
Project("{E24C65DC-7377-472B-9ABA-BC803B73C61A}") = "D:\...\NHibernate.Burrow.TestWeb\", "NHibernate.Burrow.TestWeb\", "{18403445-C779-482B-82A3-D6982CA7E5E4}"
	ProjectSection(WebsiteProperties) = preProject
		ProjectReferences = "{3DBB9568-5688-4442-8ECA-BD216E807C8D}|NHibernate.Burrow.WebUtil.dll;{D2954D0B-C830-417B-A0D4-70AD81043B71}|NHibernate.Burrow.Test.dll;{3ED19982-3C23-4B7D-BE81-D40846A6CB16}|NHibernate.Burrow.dll;{EBD9BE3A-D540-4705-B3C7-BA577D1691AE}|NHibernate.Burrow.Util.dll;"
		Debug.AspNetCompiler.VirtualPath = "/NHibernate.Burrow.TestWeb"
		Debug.AspNetCompiler.PhysicalPath = "NHibernate.Burrow.TestWeb\"
		Debug.AspNetCompiler.TargetPath = "PrecompiledWeb\NHibernate.Burrow.TestWeb\"
		Debug.AspNetCompiler.Updateable = "true"
		Debug.AspNetCompiler.ForceOverwrite = "true"
		Debug.AspNetCompiler.FixedNames = "false"
		Debug.AspNetCompiler.Debug = "True"
		Release.AspNetCompiler.VirtualPath = "/NHibernate.Burrow.TestWeb"
		Release.AspNetCompiler.PhysicalPath = "NHibernate.Burrow.TestWeb\"
		Release.AspNetCompiler.TargetPath = "PrecompiledWeb\NHibernate.Burrow.TestWeb\"
		Release.AspNetCompiler.Updateable = "true"
		Release.AspNetCompiler.ForceOverwrite = "true"
		Release.AspNetCompiler.FixedNames = "false"
		Release.AspNetCompiler.Debug = "False"
		VWDPort = "2612"
		DefaultWebSiteLanguage = "Visual C#"
	EndProjectSection
EndProject
Project("{FAE04EC0-301F-11D3-BF4B-00C04F79EFBC}") = "NHibernate.Burrow.AppBlock.Test", "NHibernate.Burrow.AppBlock.Test\NHibernate.Burrow.AppBlock.Test.csproj", "{9B9C74DF-1F3E-46E6-A294-42E1A4CD380F}"
	ProjectSection(WebsiteProperties) = preProject
		Debug.AspNetCompiler.Debug = "True"
		Release.AspNetCompiler.Debug = "False"
	EndProjectSection
EndProject
Project("{FAE04EC0-301F-11D3-BF4B-00C04F79EFBC}") = "NHibernate.Burrow.TestWeb.UnitTest", "NHibernate.Burrow.TestWeb.UnitTest\NHibernate.Burrow.TestWeb.UnitTest.csproj", "{A21E3169-C842-49B3-A100-4EA6E12DFD9A}"
	ProjectSection(WebsiteProperties) = preProject
		Debug.AspNetCompiler.Debug = "True"
		Release.AspNetCompiler.Debug = "False"
	EndProjectSection
EndProject
Global
	GlobalSection(SolutionConfigurationPlatforms) = preSolution
		Debug|.NET = Debug|.NET
		Debug|Any CPU = Debug|Any CPU
		Debug|Mixed Platforms = Debug|Mixed Platforms
		Release|.NET = Release|.NET
		Release|Any CPU = Release|Any CPU
		Release|Mixed Platforms = Release|Mixed Platforms
	EndGlobalSection
	GlobalSection(ProjectConfigurationPlatforms) = postSolution
		{3ED19982-3C23-4B7D-BE81-D40846A6CB16}.Debug|.NET.ActiveCfg = Debug|Any CPU
		{3ED19982-3C23-4B7D-BE81-D40846A6CB16}.Debug|Any CPU.ActiveCfg = Debug|Any CPU
		{3ED19982-3C23-4B7D-BE81-D40846A6CB16}.Debug|Any CPU.Build.0 = Debug|Any CPU
		{3ED19982-3C23-4B7D-BE81-D40846A6CB16}.Debug|Mixed Platforms.ActiveCfg = Debug|Any CPU
		{3ED19982-3C23-4B7D-BE81-D40846A6CB16}.Debug|Mixed Platforms.Build.0 = Debug|Any CPU
		{3ED19982-3C23-4B7D-BE81-D40846A6CB16}.Release|.NET.ActiveCfg = Release|Any CPU
		{3ED19982-3C23-4B7D-BE81-D40846A6CB16}.Release|Any CPU.ActiveCfg = Release|Any CPU
		{3ED19982-3C23-4B7D-BE81-D40846A6CB16}.Release|Any CPU.Build.0 = Release|Any CPU
		{3ED19982-3C23-4B7D-BE81-D40846A6CB16}.Release|Mixed Platforms.ActiveCfg = Release|Any CPU
		{3ED19982-3C23-4B7D-BE81-D40846A6CB16}.Release|Mixed Platforms.Build.0 = Release|Any CPU
		{D2954D0B-C830-417B-A0D4-70AD81043B71}.Debug|.NET.ActiveCfg = Debug|Any CPU
		{D2954D0B-C830-417B-A0D4-70AD81043B71}.Debug|Any CPU.ActiveCfg = Debug|Any CPU
		{D2954D0B-C830-417B-A0D4-70AD81043B71}.Debug|Any CPU.Build.0 = Debug|Any CPU
		{D2954D0B-C830-417B-A0D4-70AD81043B71}.Debug|Mixed Platforms.ActiveCfg = Debug|Any CPU
		{D2954D0B-C830-417B-A0D4-70AD81043B71}.Debug|Mixed Platforms.Build.0 = Debug|Any CPU
		{D2954D0B-C830-417B-A0D4-70AD81043B71}.Release|.NET.ActiveCfg = Release|Any CPU
		{D2954D0B-C830-417B-A0D4-70AD81043B71}.Release|Any CPU.ActiveCfg = Release|Any CPU
		{D2954D0B-C830-417B-A0D4-70AD81043B71}.Release|Any CPU.Build.0 = Release|Any CPU
		{D2954D0B-C830-417B-A0D4-70AD81043B71}.Release|Mixed Platforms.ActiveCfg = Release|Any CPU
		{D2954D0B-C830-417B-A0D4-70AD81043B71}.Release|Mixed Platforms.Build.0 = Release|Any CPU
		{3DBB9568-5688-4442-8ECA-BD216E807C8D}.Debug|.NET.ActiveCfg = Debug|Any CPU
		{3DBB9568-5688-4442-8ECA-BD216E807C8D}.Debug|Any CPU.ActiveCfg = Debug|Any CPU
		{3DBB9568-5688-4442-8ECA-BD216E807C8D}.Debug|Any CPU.Build.0 = Debug|Any CPU
		{3DBB9568-5688-4442-8ECA-BD216E807C8D}.Debug|Mixed Platforms.ActiveCfg = Debug|Any CPU
		{3DBB9568-5688-4442-8ECA-BD216E807C8D}.Debug|Mixed Platforms.Build.0 = Debug|Any CPU
		{3DBB9568-5688-4442-8ECA-BD216E807C8D}.Release|.NET.ActiveCfg = Release|Any CPU
		{3DBB9568-5688-4442-8ECA-BD216E807C8D}.Release|Any CPU.ActiveCfg = Release|Any CPU
		{3DBB9568-5688-4442-8ECA-BD216E807C8D}.Release|Any CPU.Build.0 = Release|Any CPU
		{3DBB9568-5688-4442-8ECA-BD216E807C8D}.Release|Mixed Platforms.ActiveCfg = Release|Any CPU
		{3DBB9568-5688-4442-8ECA-BD216E807C8D}.Release|Mixed Platforms.Build.0 = Release|Any CPU
		{32112377-D3FC-4A1C-8C90-BBDFF166ED3B}.Debug|.NET.ActiveCfg = Debug|Any CPU
		{32112377-D3FC-4A1C-8C90-BBDFF166ED3B}.Debug|Any CPU.ActiveCfg = Debug|Any CPU
		{32112377-D3FC-4A1C-8C90-BBDFF166ED3B}.Debug|Any CPU.Build.0 = Debug|Any CPU
		{32112377-D3FC-4A1C-8C90-BBDFF166ED3B}.Debug|Mixed Platforms.ActiveCfg = Debug|Any CPU
		{32112377-D3FC-4A1C-8C90-BBDFF166ED3B}.Debug|Mixed Platforms.Build.0 = Debug|Any CPU
		{32112377-D3FC-4A1C-8C90-BBDFF166ED3B}.Release|.NET.ActiveCfg = Release|Any CPU
		{32112377-D3FC-4A1C-8C90-BBDFF166ED3B}.Release|Any CPU.ActiveCfg = Release|Any CPU
		{32112377-D3FC-4A1C-8C90-BBDFF166ED3B}.Release|Any CPU.Build.0 = Release|Any CPU
		{32112377-D3FC-4A1C-8C90-BBDFF166ED3B}.Release|Mixed Platforms.ActiveCfg = Release|Any CPU
		{32112377-D3FC-4A1C-8C90-BBDFF166ED3B}.Release|Mixed Platforms.Build.0 = Release|Any CPU
		{EBD9BE3A-D540-4705-B3C7-BA577D1691AE}.Debug|.NET.ActiveCfg = Debug|Any CPU
		{EBD9BE3A-D540-4705-B3C7-BA577D1691AE}.Debug|Any CPU.ActiveCfg = Debug|Any CPU
		{EBD9BE3A-D540-4705-B3C7-BA577D1691AE}.Debug|Any CPU.Build.0 = Debug|Any CPU
		{EBD9BE3A-D540-4705-B3C7-BA577D1691AE}.Debug|Mixed Platforms.ActiveCfg = Debug|Any CPU
		{EBD9BE3A-D540-4705-B3C7-BA577D1691AE}.Debug|Mixed Platforms.Build.0 = Debug|Any CPU
		{EBD9BE3A-D540-4705-B3C7-BA577D1691AE}.Release|.NET.ActiveCfg = Release|Any CPU
		{EBD9BE3A-D540-4705-B3C7-BA577D1691AE}.Release|Any CPU.ActiveCfg = Release|Any CPU
		{EBD9BE3A-D540-4705-B3C7-BA577D1691AE}.Release|Any CPU.Build.0 = Release|Any CPU
		{EBD9BE3A-D540-4705-B3C7-BA577D1691AE}.Release|Mixed Platforms.ActiveCfg = Release|Any CPU
		{EBD9BE3A-D540-4705-B3C7-BA577D1691AE}.Release|Mixed Platforms.Build.0 = Release|Any CPU
		{18403445-C779-482B-82A3-D6982CA7E5E4}.Debug|.NET.ActiveCfg = Debug|.NET
		{18403445-C779-482B-82A3-D6982CA7E5E4}.Debug|.NET.Build.0 = Debug|.NET
		{18403445-C779-482B-82A3-D6982CA7E5E4}.Debug|Any CPU.ActiveCfg = Debug|.NET
		{18403445-C779-482B-82A3-D6982CA7E5E4}.Debug|Mixed Platforms.ActiveCfg = Debug|.NET
		{18403445-C779-482B-82A3-D6982CA7E5E4}.Debug|Mixed Platforms.Build.0 = Debug|.NET
		{18403445-C779-482B-82A3-D6982CA7E5E4}.Release|.NET.ActiveCfg = Debug|.NET
		{18403445-C779-482B-82A3-D6982CA7E5E4}.Release|.NET.Build.0 = Debug|.NET
		{18403445-C779-482B-82A3-D6982CA7E5E4}.Release|Any CPU.ActiveCfg = Debug|.NET
		{18403445-C779-482B-82A3-D6982CA7E5E4}.Release|Mixed Platforms.ActiveCfg = Debug|.NET
		{18403445-C779-482B-82A3-D6982CA7E5E4}.Release|Mixed Platforms.Build.0 = Debug|.NET
		{9B9C74DF-1F3E-46E6-A294-42E1A4CD380F}.Debug|.NET.ActiveCfg = Debug|Any CPU
		{9B9C74DF-1F3E-46E6-A294-42E1A4CD380F}.Debug|Any CPU.ActiveCfg = Debug|Any CPU
		{9B9C74DF-1F3E-46E6-A294-42E1A4CD380F}.Debug|Any CPU.Build.0 = Debug|Any CPU
		{9B9C74DF-1F3E-46E6-A294-42E1A4CD380F}.Debug|Mixed Platforms.ActiveCfg = Debug|Any CPU
		{9B9C74DF-1F3E-46E6-A294-42E1A4CD380F}.Debug|Mixed Platforms.Build.0 = Debug|Any CPU
		{9B9C74DF-1F3E-46E6-A294-42E1A4CD380F}.Release|.NET.ActiveCfg = Release|Any CPU
		{9B9C74DF-1F3E-46E6-A294-42E1A4CD380F}.Release|Any CPU.ActiveCfg = Release|Any CPU
		{9B9C74DF-1F3E-46E6-A294-42E1A4CD380F}.Release|Any CPU.Build.0 = Release|Any CPU
		{9B9C74DF-1F3E-46E6-A294-42E1A4CD380F}.Release|Mixed Platforms.ActiveCfg = Release|Any CPU
		{9B9C74DF-1F3E-46E6-A294-42E1A4CD380F}.Release|Mixed Platforms.Build.0 = Release|Any CPU
		{A21E3169-C842-49B3-A100-4EA6E12DFD9A}.Debug|.NET.ActiveCfg = Debug|Any CPU
		{A21E3169-C842-49B3-A100-4EA6E12DFD9A}.Debug|Any CPU.ActiveCfg = Debug|Any CPU
		{A21E3169-C842-49B3-A100-4EA6E12DFD9A}.Debug|Any CPU.Build.0 = Debug|Any CPU
		{A21E3169-C842-49B3-A100-4EA6E12DFD9A}.Debug|Mixed Platforms.ActiveCfg = Debug|Any CPU
		{A21E3169-C842-49B3-A100-4EA6E12DFD9A}.Debug|Mixed Platforms.Build.0 = Debug|Any CPU
		{A21E3169-C842-49B3-A100-4EA6E12DFD9A}.Release|.NET.ActiveCfg = Release|Any CPU
		{A21E3169-C842-49B3-A100-4EA6E12DFD9A}.Release|Any CPU.ActiveCfg = Release|Any CPU
		{A21E3169-C842-49B3-A100-4EA6E12DFD9A}.Release|Any CPU.Build.0 = Release|Any CPU
		{A21E3169-C842-49B3-A100-4EA6E12DFD9A}.Release|Mixed Platforms.ActiveCfg = Release|Any CPU
		{A21E3169-C842-49B3-A100-4EA6E12DFD9A}.Release|Mixed Platforms.Build.0 = Release|Any CPU
	EndGlobalSection
	GlobalSection(SolutionProperties) = preSolution
		HideSolutionNode = FALSE
	EndGlobalSection
EndGlobal
