
Microsoft Visual Studio Solution File, Format Version 9.00
# Visual Studio 2005
Project("{FAE04EC0-301F-11D3-BF4B-00C04F79EFBC}") = "NHibernate.Caches.Velocity-2.0", "NHibernate.Caches.Velocity\NHibernate.Caches.Velocity-2.0.csproj", "{7BDB48BF-B3BB-465C-9540-6695EF0E3D17}"
EndProject
Project("{FAE04EC0-301F-11D3-BF4B-00C04F79EFBC}") = "NHibernate.Caches.Velocity.Tests-2.0", "NHibernate.Caches.Velocity.Tests\NHibernate.Caches.Velocity.Tests-2.0.csproj", "{5E157BB8-2276-4623-927F-72031520334C}"
EndProject
Global
	GlobalSection(SolutionConfigurationPlatforms) = preSolution
		Debug|Any CPU = Debug|Any CPU
		Release|Any CPU = Release|Any CPU
	EndGlobalSection
	GlobalSection(ProjectConfigurationPlatforms) = postSolution
		{7BDB48BF-B3BB-465C-9540-6695EF0E3D17}.Debug|Any CPU.ActiveCfg = Debug|Any CPU
		{7BDB48BF-B3BB-465C-9540-6695EF0E3D17}.Debug|Any CPU.Build.0 = Debug|Any CPU
		{7BDB48BF-B3BB-465C-9540-6695EF0E3D17}.Release|Any CPU.ActiveCfg = Release|Any CPU
		{7BDB48BF-B3BB-465C-9540-6695EF0E3D17}.Release|Any CPU.Build.0 = Release|Any CPU
		{5E157BB8-2276-4623-927F-72031520334C}.Debug|Any CPU.ActiveCfg = Debug|Any CPU
		{5E157BB8-2276-4623-927F-72031520334C}.Debug|Any CPU.Build.0 = Debug|Any CPU
		{5E157BB8-2276-4623-927F-72031520334C}.Release|Any CPU.ActiveCfg = Release|Any CPU
		{5E157BB8-2276-4623-927F-72031520334C}.Release|Any CPU.Build.0 = Release|Any CPU
	EndGlobalSection
	GlobalSection(SolutionProperties) = preSolution
		HideSolutionNode = FALSE
	EndGlobalSection
EndGlobal
