
Microsoft Visual Studio Solution File, Format Version 9.00
# Visual Studio 2005
Project("{FAE04EC0-301F-11D3-BF4B-00C04F79EFBC}") = "NHibernate.Spatial-2.0-nh2a1", "NHibernate.Spatial\NHibernate.Spatial-2.0-nh2a1.csproj", "{50868B60-AC38-47E1-BD09-B4A4AA06B6F2}"
EndProject
Project("{FAE04EC0-301F-11D3-BF4B-00C04F79EFBC}") = "Tests.NHibernate.Spatial-2.0-nh2a1", "Tests.NHibernate.Spatial\Tests.NHibernate.Spatial-2.0-nh2a1.csproj", "{CF7F3A94-6560-4A2D-9BCE-F2B5A9583ECA}"
EndProject
Global
	GlobalSection(TeamFoundationVersionControl) = preSolution
		SccNumberOfProjects = 3
		SccEnterpriseProvider = {4CA58AB2-18FA-4F8D-95D4-32DDF27D184C}
		SccTeamFoundationServer = https://tfs03.codeplex.com/
		SccLocalPath0 = .
		SccProjectUniqueName1 = NHibernate.Spatial\\NHibernate.Spatial-2.0-nh2a1.csproj
		SccProjectName1 = NHibernate.Spatial
		SccLocalPath1 = NHibernate.Spatial
		SccProjectUniqueName2 = Tests.NHibernate.Spatial\\Tests.NHibernate.Spatial-2.0-nh2a1.csproj
		SccProjectName2 = Tests.NHibernate.Spatial
		SccLocalPath2 = Tests.NHibernate.Spatial
	EndGlobalSection
	GlobalSection(TextTemplating) = postSolution
		TextTemplating = 1
	EndGlobalSection
	GlobalSection(SolutionConfigurationPlatforms) = preSolution
		Debug|Any CPU = Debug|Any CPU
		Release|Any CPU = Release|Any CPU
	EndGlobalSection
	GlobalSection(ProjectConfigurationPlatforms) = postSolution
		{50868B60-AC38-47E1-BD09-B4A4AA06B6F2}.Debug|Any CPU.ActiveCfg = Debug|Any CPU
		{50868B60-AC38-47E1-BD09-B4A4AA06B6F2}.Debug|Any CPU.Build.0 = Debug|Any CPU
		{50868B60-AC38-47E1-BD09-B4A4AA06B6F2}.Release|Any CPU.ActiveCfg = Release|Any CPU
		{50868B60-AC38-47E1-BD09-B4A4AA06B6F2}.Release|Any CPU.Build.0 = Release|Any CPU
		{CF7F3A94-6560-4A2D-9BCE-F2B5A9583ECA}.Debug|Any CPU.ActiveCfg = Debug|Any CPU
		{CF7F3A94-6560-4A2D-9BCE-F2B5A9583ECA}.Debug|Any CPU.Build.0 = Debug|Any CPU
		{CF7F3A94-6560-4A2D-9BCE-F2B5A9583ECA}.Release|Any CPU.ActiveCfg = Release|Any CPU
		{CF7F3A94-6560-4A2D-9BCE-F2B5A9583ECA}.Release|Any CPU.Build.0 = Release|Any CPU
	EndGlobalSection
	GlobalSection(SolutionProperties) = preSolution
		HideSolutionNode = FALSE
	EndGlobalSection
EndGlobal
