
Microsoft Visual Studio Solution File, Format Version 9.00
# Visual Studio 2005
Project("{FAE04EC0-301F-11D3-BF4B-00C04F79EFBC}") = "NHibernate.Spatial-2.0.vs2005", "NHibernate.Spatial\NHibernate.Spatial-2.0.vs2005.csproj", "{41B98F4E-3D5B-4ABC-8373-3DB512898BB2}"
EndProject
Project("{FAE04EC0-301F-11D3-BF4B-00C04F79EFBC}") = "Tests.NHibernate.Spatial.ActiveRecord-2.0.vs2005", "Tests.NHibernate.Spatial.ActiveRecord\Tests.NHibernate.Spatial.ActiveRecord-2.0.vs2005.csproj", "{0533CDA3-3824-4532-A66A-257986685F96}"
EndProject
Project("{FAE04EC0-301F-11D3-BF4B-00C04F79EFBC}") = "Tests.NHibernate.Spatial-2.0.vs2005", "Tests.NHibernate.Spatial\Tests.NHibernate.Spatial-2.0.vs2005.csproj", "{FBA897DF-0B86-473E-BEFD-78263B7A99FA}"
EndProject
Project("{FAE04EC0-301F-11D3-BF4B-00C04F79EFBC}") = "NHibernate.Spatial.MsSqlSpatial-2.0.vs2005", "NHibernate.Spatial.MsSqlSpatial\NHibernate.Spatial.MsSqlSpatial-2.0.vs2005.csproj", "{3EDA0009-EB8E-4024-8154-6DE8707B7C05}"
EndProject
Project("{FAE04EC0-301F-11D3-BF4B-00C04F79EFBC}") = "NHibernate.Spatial.PostGis-2.0.vs2005", "NHibernate.Spatial.PostGis\NHibernate.Spatial.PostGis-2.0.vs2005.csproj", "{0DD11B24-D42E-4345-A770-0CE755E17C82}"
EndProject
Project("{FAE04EC0-301F-11D3-BF4B-00C04F79EFBC}") = "Tests.NHibernate.Spatial.MsSqlSpatial-2.0.vs2005", "Tests.NHibernate.Spatial.MsSqlSpatial\Tests.NHibernate.Spatial.MsSqlSpatial-2.0.vs2005.csproj", "{80606E40-6482-48EF-89B0-3549650EDF9A}"
EndProject
Project("{FAE04EC0-301F-11D3-BF4B-00C04F79EFBC}") = "Tests.NHibernate.Spatial.PostGis-2.0.vs2005", "Tests.NHibernate.Spatial.PostGis\Tests.NHibernate.Spatial.PostGis-2.0.vs2005.csproj", "{FE98272E-2526-471E-88C5-AD4518A447F9}"
EndProject
Global
	GlobalSection(SolutionConfigurationPlatforms) = preSolution
		Debug|Any CPU = Debug|Any CPU
		Release|Any CPU = Release|Any CPU
	EndGlobalSection
	GlobalSection(ProjectConfigurationPlatforms) = postSolution
		{41B98F4E-3D5B-4ABC-8373-3DB512898BB2}.Debug|Any CPU.ActiveCfg = Debug|Any CPU
		{41B98F4E-3D5B-4ABC-8373-3DB512898BB2}.Debug|Any CPU.Build.0 = Debug|Any CPU
		{41B98F4E-3D5B-4ABC-8373-3DB512898BB2}.Release|Any CPU.ActiveCfg = Release|Any CPU
		{41B98F4E-3D5B-4ABC-8373-3DB512898BB2}.Release|Any CPU.Build.0 = Release|Any CPU
		{0533CDA3-3824-4532-A66A-257986685F96}.Debug|Any CPU.ActiveCfg = Debug|Any CPU
		{0533CDA3-3824-4532-A66A-257986685F96}.Debug|Any CPU.Build.0 = Debug|Any CPU
		{0533CDA3-3824-4532-A66A-257986685F96}.Release|Any CPU.ActiveCfg = Release|Any CPU
		{0533CDA3-3824-4532-A66A-257986685F96}.Release|Any CPU.Build.0 = Release|Any CPU
		{FBA897DF-0B86-473E-BEFD-78263B7A99FA}.Debug|Any CPU.ActiveCfg = Debug|Any CPU
		{FBA897DF-0B86-473E-BEFD-78263B7A99FA}.Debug|Any CPU.Build.0 = Debug|Any CPU
		{FBA897DF-0B86-473E-BEFD-78263B7A99FA}.Release|Any CPU.ActiveCfg = Release|Any CPU
		{FBA897DF-0B86-473E-BEFD-78263B7A99FA}.Release|Any CPU.Build.0 = Release|Any CPU
		{3EDA0009-EB8E-4024-8154-6DE8707B7C05}.Debug|Any CPU.ActiveCfg = Debug|Any CPU
		{3EDA0009-EB8E-4024-8154-6DE8707B7C05}.Debug|Any CPU.Build.0 = Debug|Any CPU
		{3EDA0009-EB8E-4024-8154-6DE8707B7C05}.Release|Any CPU.ActiveCfg = Release|Any CPU
		{3EDA0009-EB8E-4024-8154-6DE8707B7C05}.Release|Any CPU.Build.0 = Release|Any CPU
		{0DD11B24-D42E-4345-A770-0CE755E17C82}.Debug|Any CPU.ActiveCfg = Debug|Any CPU
		{0DD11B24-D42E-4345-A770-0CE755E17C82}.Debug|Any CPU.Build.0 = Debug|Any CPU
		{0DD11B24-D42E-4345-A770-0CE755E17C82}.Release|Any CPU.ActiveCfg = Release|Any CPU
		{0DD11B24-D42E-4345-A770-0CE755E17C82}.Release|Any CPU.Build.0 = Release|Any CPU
		{80606E40-6482-48EF-89B0-3549650EDF9A}.Debug|Any CPU.ActiveCfg = Debug|Any CPU
		{80606E40-6482-48EF-89B0-3549650EDF9A}.Debug|Any CPU.Build.0 = Debug|Any CPU
		{80606E40-6482-48EF-89B0-3549650EDF9A}.Release|Any CPU.ActiveCfg = Release|Any CPU
		{80606E40-6482-48EF-89B0-3549650EDF9A}.Release|Any CPU.Build.0 = Release|Any CPU
		{FE98272E-2526-471E-88C5-AD4518A447F9}.Debug|Any CPU.ActiveCfg = Debug|Any CPU
		{FE98272E-2526-471E-88C5-AD4518A447F9}.Debug|Any CPU.Build.0 = Debug|Any CPU
		{FE98272E-2526-471E-88C5-AD4518A447F9}.Release|Any CPU.ActiveCfg = Release|Any CPU
		{FE98272E-2526-471E-88C5-AD4518A447F9}.Release|Any CPU.Build.0 = Release|Any CPU
	EndGlobalSection
	GlobalSection(SolutionProperties) = preSolution
		HideSolutionNode = FALSE
	EndGlobalSection
	GlobalSection(TextTemplating) = postSolution
		TextTemplating = 1
	EndGlobalSection
EndGlobal
