
Microsoft Visual Studio Solution File, Format Version 9.00
# Visual Studio 2005
Project("{FAE04EC0-301F-11D3-BF4B-00C04F79EFBC}") = "NHibernate.Spatial", "NHibernate.Spatial\NHibernate.Spatial-2.0.csproj", "{41B98F4E-3D5B-4ABC-8373-3DB512898BB2}"
EndProject
Project("{FAE04EC0-301F-11D3-BF4B-00C04F79EFBC}") = "Tests.NHibernate.Spatial.ActiveRecord", "Tests.NHibernate.Spatial.ActiveRecord\Tests.NHibernate.Spatial.ActiveRecord-2.0.csproj", "{0533CDA3-3824-4532-A66A-257986685F96}"
EndProject
Project("{FAE04EC0-301F-11D3-BF4B-00C04F79EFBC}") = "Tests.NHibernate.Spatial", "Tests.NHibernate.Spatial\Tests.NHibernate.Spatial-2.0.csproj", "{FBA897DF-0B86-473E-BEFD-78263B7A99FA}"
EndProject
Global
	GlobalSection(TeamFoundationVersionControl) = preSolution
		SccNumberOfProjects = 4
		SccEnterpriseProvider = {4CA58AB2-18FA-4F8D-95D4-32DDF27D184C}
		SccTeamFoundationServer = https://tfs03.codeplex.com/
		SccLocalPath0 = .
		SccProjectUniqueName1 = NHibernate.Spatial\\NHibernate.Spatial-2.0.csproj
		SccProjectName1 = NHibernate.Spatial
		SccLocalPath1 = NHibernate.Spatial
		SccProjectUniqueName2 = Tests.NHibernate.Spatial.ActiveRecord\\Tests.NHibernate.Spatial.ActiveRecord-2.0.csproj
		SccProjectName2 = Tests.NHibernate.Spatial.ActiveRecord
		SccLocalPath2 = Tests.NHibernate.Spatial.ActiveRecord
		SccProjectUniqueName3 = Tests.NHibernate.Spatial\\Tests.NHibernate.Spatial-2.0.csproj
		SccProjectName3 = Tests.NHibernate.Spatial
		SccLocalPath3 = Tests.NHibernate.Spatial
	EndGlobalSection
	GlobalSection(TextTemplating) = postSolution
		TextTemplating = 1
	EndGlobalSection
	GlobalSection(SolutionConfigurationPlatforms) = preSolution
		Debug|Any CPU = Debug|Any CPU
		Release|Any CPU = Release|Any CPU
	EndGlobalSection
	GlobalSection(ProjectConfigurationPlatforms) = postSolution
		{41B98F4E-3D5B-4ABC-8373-3DB512898BB2}.Debug|Any CPU.ActiveCfg = Debug|Any CPU
		{41B98F4E-3D5B-4ABC-8373-3DB512898BB2}.Debug|Any CPU.Build.0 = Debug|Any CPU
		{41B98F4E-3D5B-4ABC-8373-3DB512898BB2}.Release|Any CPU.ActiveCfg = Release|Any CPU
		{41B98F4E-3D5B-4ABC-8373-3DB512898BB2}.Release|Any CPU.Build.0 = Release|Any CPU
		{0533CDA3-3824-4532-A66A-257986685F96}.Debug|Any CPU.ActiveCfg = Debug|Any CPU
		{0533CDA3-3824-4532-A66A-257986685F96}.Debug|Any CPU.Build.0 = Debug|Any CPU
		{0533CDA3-3824-4532-A66A-257986685F96}.Release|Any CPU.ActiveCfg = Release|Any CPU
		{0533CDA3-3824-4532-A66A-257986685F96}.Release|Any CPU.Build.0 = Release|Any CPU
		{FBA897DF-0B86-473E-BEFD-78263B7A99FA}.Debug|Any CPU.ActiveCfg = Debug|Any CPU
		{FBA897DF-0B86-473E-BEFD-78263B7A99FA}.Debug|Any CPU.Build.0 = Debug|Any CPU
		{FBA897DF-0B86-473E-BEFD-78263B7A99FA}.Release|Any CPU.ActiveCfg = Release|Any CPU
		{FBA897DF-0B86-473E-BEFD-78263B7A99FA}.Release|Any CPU.Build.0 = Release|Any CPU
	EndGlobalSection
	GlobalSection(SolutionProperties) = preSolution
		HideSolutionNode = FALSE
	EndGlobalSection
EndGlobal
