
Microsoft Visual Studio Solution File, Format Version 10.00
# Visual Studio 2008
Project("{FAE04EC0-301F-11D3-BF4B-00C04F79EFBC}") = "NHibernate.ProxyGenerators", "NHibernate.ProxyGenerators\NHibernate.ProxyGenerators.csproj", "{81CA78E1-459F-472F-9078-2E915F97B0EC}"
EndProject
Project("{FAE04EC0-301F-11D3-BF4B-00C04F79EFBC}") = "NHibernate.ProxyGenerators.Test", "NHibernate.ProxyGenerators.Test\NHibernate.ProxyGenerators.Test.csproj", "{07F0C8DF-518B-4CF4-82B4-0AA884F5E211}"
EndProject
Project("{FAE04EC0-301F-11D3-BF4B-00C04F79EFBC}") = "NHibernate.ProxyGenerators.Castle", "NHibernate.ProxyGenerators.Castle\NHibernate.ProxyGenerators.Castle.csproj", "{11988E2B-0354-4047-820E-9E04AFE055D4}"
EndProject
Project("{FAE04EC0-301F-11D3-BF4B-00C04F79EFBC}") = "NHibernate.ProxyGenerators.Castle.Test", "NHibernate.ProxyGenerators.Castle.Test\NHibernate.ProxyGenerators.Castle.Test.csproj", "{FE34CDB2-7181-4839-BB45-EE221AEA17B4}"
EndProject
Project("{FAE04EC0-301F-11D3-BF4B-00C04F79EFBC}") = "NHibernate.ProxyGenerators.Test2", "NHibernate.ProxyGenerators.Test2\NHibernate.ProxyGenerators.Test2.csproj", "{C92151A5-EBAC-4294-AE2C-90C5EC7B25C9}"
EndProject
Project("{FAE04EC0-301F-11D3-BF4B-00C04F79EFBC}") = "NHibernate.ProxyGenerators.Console", "NHibernate.ProxyGenerators.Console\NHibernate.ProxyGenerators.Console.csproj", "{7AE7ECB0-F0B4-4205-BAEA-9293E3730F0D}"
EndProject
Project("{2150E333-8FDC-42A3-9474-1A3956D46DE8}") = "Solution Items", "Solution Items", "{CDB641D5-CBFA-465F-A03B-EEC903301965}"
	ProjectSection(SolutionItems) = preProject
		..\default.build = ..\default.build
		..\releasenotes.txt = ..\releasenotes.txt
	EndProjectSection
EndProject
Global
	GlobalSection(SolutionConfigurationPlatforms) = preSolution
		Debug|Any CPU = Debug|Any CPU
		Release|Any CPU = Release|Any CPU
	EndGlobalSection
	GlobalSection(ProjectConfigurationPlatforms) = postSolution
		{81CA78E1-459F-472F-9078-2E915F97B0EC}.Debug|Any CPU.ActiveCfg = Debug|Any CPU
		{81CA78E1-459F-472F-9078-2E915F97B0EC}.Debug|Any CPU.Build.0 = Debug|Any CPU
		{81CA78E1-459F-472F-9078-2E915F97B0EC}.Release|Any CPU.ActiveCfg = Release|Any CPU
		{81CA78E1-459F-472F-9078-2E915F97B0EC}.Release|Any CPU.Build.0 = Release|Any CPU
		{07F0C8DF-518B-4CF4-82B4-0AA884F5E211}.Debug|Any CPU.ActiveCfg = Debug|Any CPU
		{07F0C8DF-518B-4CF4-82B4-0AA884F5E211}.Debug|Any CPU.Build.0 = Debug|Any CPU
		{07F0C8DF-518B-4CF4-82B4-0AA884F5E211}.Release|Any CPU.ActiveCfg = Release|Any CPU
		{07F0C8DF-518B-4CF4-82B4-0AA884F5E211}.Release|Any CPU.Build.0 = Release|Any CPU
		{11988E2B-0354-4047-820E-9E04AFE055D4}.Debug|Any CPU.ActiveCfg = Debug|Any CPU
		{11988E2B-0354-4047-820E-9E04AFE055D4}.Debug|Any CPU.Build.0 = Debug|Any CPU
		{11988E2B-0354-4047-820E-9E04AFE055D4}.Release|Any CPU.ActiveCfg = Release|Any CPU
		{11988E2B-0354-4047-820E-9E04AFE055D4}.Release|Any CPU.Build.0 = Release|Any CPU
		{FE34CDB2-7181-4839-BB45-EE221AEA17B4}.Debug|Any CPU.ActiveCfg = Debug|Any CPU
		{FE34CDB2-7181-4839-BB45-EE221AEA17B4}.Debug|Any CPU.Build.0 = Debug|Any CPU
		{FE34CDB2-7181-4839-BB45-EE221AEA17B4}.Release|Any CPU.ActiveCfg = Release|Any CPU
		{FE34CDB2-7181-4839-BB45-EE221AEA17B4}.Release|Any CPU.Build.0 = Release|Any CPU
		{C92151A5-EBAC-4294-AE2C-90C5EC7B25C9}.Debug|Any CPU.ActiveCfg = Debug|Any CPU
		{C92151A5-EBAC-4294-AE2C-90C5EC7B25C9}.Debug|Any CPU.Build.0 = Debug|Any CPU
		{C92151A5-EBAC-4294-AE2C-90C5EC7B25C9}.Release|Any CPU.ActiveCfg = Release|Any CPU
		{C92151A5-EBAC-4294-AE2C-90C5EC7B25C9}.Release|Any CPU.Build.0 = Release|Any CPU
		{7AE7ECB0-F0B4-4205-BAEA-9293E3730F0D}.Debug|Any CPU.ActiveCfg = Debug|Any CPU
		{7AE7ECB0-F0B4-4205-BAEA-9293E3730F0D}.Debug|Any CPU.Build.0 = Debug|Any CPU
		{7AE7ECB0-F0B4-4205-BAEA-9293E3730F0D}.Release|Any CPU.ActiveCfg = Release|Any CPU
		{7AE7ECB0-F0B4-4205-BAEA-9293E3730F0D}.Release|Any CPU.Build.0 = Release|Any CPU
	EndGlobalSection
	GlobalSection(SolutionProperties) = preSolution
		HideSolutionNode = FALSE
	EndGlobalSection
EndGlobal
