
Microsoft Visual Studio Solution File, Format Version 9.00
# Visual Studio 2005
Project("{FAE04EC0-301F-11D3-BF4B-00C04F79EFBC}") = "NHibernate.Caches.MemCache-2.0", "NHibernate.Caches.MemCache\NHibernate.Caches.MemCache-2.0.csproj", "{EE1CD14F-FE9F-4DB4-ADE2-A8853935F44E}"
	ProjectSection(WebsiteProperties) = preProject
		Debug.AspNetCompiler.Debug = "True"
		Release.AspNetCompiler.Debug = "False"
	EndProjectSection
EndProject
Project("{FAE04EC0-301F-11D3-BF4B-00C04F79EFBC}") = "NHibernate.Caches.MemCache.Tests-2.0", "NHibernate.Caches.MemCache.Tests\NHibernate.Caches.MemCache.Tests-2.0.csproj", "{BE827B8B-CF61-42AD-89BB-FF60D58D27F3}"
	ProjectSection(WebsiteProperties) = preProject
		Debug.AspNetCompiler.Debug = "True"
		Release.AspNetCompiler.Debug = "False"
	EndProjectSection
EndProject
Global
	GlobalSection(SolutionConfigurationPlatforms) = preSolution
		Debug|Any CPU = Debug|Any CPU
		Release|Any CPU = Release|Any CPU
	EndGlobalSection
	GlobalSection(ProjectConfigurationPlatforms) = postSolution
		{EE1CD14F-FE9F-4DB4-ADE2-A8853935F44E}.Debug|Any CPU.ActiveCfg = Debug|Any CPU
		{EE1CD14F-FE9F-4DB4-ADE2-A8853935F44E}.Debug|Any CPU.Build.0 = Debug|Any CPU
		{EE1CD14F-FE9F-4DB4-ADE2-A8853935F44E}.Release|Any CPU.ActiveCfg = Release|Any CPU
		{EE1CD14F-FE9F-4DB4-ADE2-A8853935F44E}.Release|Any CPU.Build.0 = Release|Any CPU
		{BE827B8B-CF61-42AD-89BB-FF60D58D27F3}.Debug|Any CPU.ActiveCfg = Debug|Any CPU
		{BE827B8B-CF61-42AD-89BB-FF60D58D27F3}.Debug|Any CPU.Build.0 = Debug|Any CPU
		{BE827B8B-CF61-42AD-89BB-FF60D58D27F3}.Release|Any CPU.ActiveCfg = Release|Any CPU
		{BE827B8B-CF61-42AD-89BB-FF60D58D27F3}.Release|Any CPU.Build.0 = Release|Any CPU
	EndGlobalSection
	GlobalSection(SolutionProperties) = preSolution
		HideSolutionNode = FALSE
	EndGlobalSection
EndGlobal
